{
  "pins" : [
    {
      "identity" : "swiftopenai",
      "kind" : "remoteSourceControl",
      "location" : "https://github.com/jamesrochabrun/SwiftOpenAI",
      "state" : {
        "branch" : "main",
        "revision" : "293685e1d04d28214955bfe266067467e82ff4ac"
      }
    }
  ],
  "version" : 2
}
